{"format_version":"1.1","terraform_version":"1.3.7","planned_values":{"outputs":{"eip":{"sensitive":false}},"root_module":{"resources":[{"address":"aws_eip.lb","mode":"managed","type":"aws_eip","name":"lb","provider_name":"registry.terraform.io/hashicorp/aws","schema_version":0,"values":{"address":null,"associate_with_private_ip":null,"customer_owned_ipv4_pool":null,"tags":null,"timeouts":null,"vpc":true},"sensitive_values":{"tags_all":{}}}]}},"resource_changes":[{"address":"aws_eip.lb","mode":"managed","type":"aws_eip","name":"lb","provider_name":"registry.terraform.io/hashicorp/aws","change":{"actions":["create"],"before":null,"after":{"address":null,"associate_with_private_ip":null,"customer_owned_ipv4_pool":null,"tags":null,"timeouts":null,"vpc":true},"after_unknown":{"allocation_id":true,"association_id":true,"carrier_ip":true,"customer_owned_ip":true,"domain":true,"id":true,"instance":true,"network_border_group":true,"network_interface":true,"private_dns":true,"private_ip":true,"public_dns":true,"public_ip":true,"public_ipv4_pool":true,"tags_all":true},"before_sensitive":false,"after_sensitive":{"tags_all":{}}}}],"output_changes":{"eip":{"actions":["create"],"before":null,"after_unknown":true,"before_sensitive":false,"after_sensitive":false}},"configuration":{"provider_config":{"aws":{"name":"aws","full_name":"registry.terraform.io/hashicorp/aws","version_constraint":"4.46.0","expressions":{"region":{"constant_value":"us-east-1"}}}},"root_module":{"outputs":{"eip":{"expression":{"references":["aws_eip.lb.public_ip","aws_eip.lb"]}}},"resources":[{"address":"aws_eip.lb","mode":"managed","type":"aws_eip","name":"lb","provider_config_key":"aws","expressions":{"vpc":{"constant_value":true}},"schema_version":0}]}},"relevant_attributes":[{"resource":"aws_eip.lb","attribute":["public_ip"]}]}
