{"format_version":"1.1","terraform_version":"1.3.7","planned_values":{"outputs":{"arns1":{"sensitive":false},"arns2":{"sensitive":false},"arns3":{"sensitive":false},"arns_all":{"sensitive":false}},"root_module":{"resources":[{"address":"aws_iam_user.lb[0]","mode":"managed","type":"aws_iam_user","name":"lb","index":0,"provider_name":"registry.terraform.io/hashicorp/aws","schema_version":0,"values":{"force_destroy":false,"name":"iamuser.0","path":"/system/","permissions_boundary":null,"tags":null},"sensitive_values":{"tags_all":{}}},{"address":"aws_iam_user.lb[1]","mode":"managed","type":"aws_iam_user","name":"lb","index":1,"provider_name":"registry.terraform.io/hashicorp/aws","schema_version":0,"values":{"force_destroy":false,"name":"iamuser.1","path":"/system/","permissions_boundary":null,"tags":null},"sensitive_values":{"tags_all":{}}},{"address":"aws_iam_user.lb[2]","mode":"managed","type":"aws_iam_user","name":"lb","index":2,"provider_name":"registry.terraform.io/hashicorp/aws","schema_version":0,"values":{"force_destroy":false,"name":"iamuser.2","path":"/system/","permissions_boundary":null,"tags":null},"sensitive_values":{"tags_all":{}}}]}},"resource_changes":[{"address":"aws_iam_user.lb[0]","mode":"managed","type":"aws_iam_user","name":"lb","index":0,"provider_name":"registry.terraform.io/hashicorp/aws","change":{"actions":["create"],"before":null,"after":{"force_destroy":false,"name":"iamuser.0","path":"/system/","permissions_boundary":null,"tags":null},"after_unknown":{"arn":true,"id":true,"tags_all":true,"unique_id":true},"before_sensitive":false,"after_sensitive":{"tags_all":{}}}},{"address":"aws_iam_user.lb[1]","mode":"managed","type":"aws_iam_user","name":"lb","index":1,"provider_name":"registry.terraform.io/hashicorp/aws","change":{"actions":["create"],"before":null,"after":{"force_destroy":false,"name":"iamuser.1","path":"/system/","permissions_boundary":null,"tags":null},"after_unknown":{"arn":true,"id":true,"tags_all":true,"unique_id":true},"before_sensitive":false,"after_sensitive":{"tags_all":{}}}},{"address":"aws_iam_user.lb[2]","mode":"managed","type":"aws_iam_user","name":"lb","index":2,"provider_name":"registry.terraform.io/hashicorp/aws","change":{"actions":["create"],"before":null,"after":{"force_destroy":false,"name":"iamuser.2","path":"/system/","permissions_boundary":null,"tags":null},"after_unknown":{"arn":true,"id":true,"tags_all":true,"unique_id":true},"before_sensitive":false,"after_sensitive":{"tags_all":{}}}}],"output_changes":{"arns1":{"actions":["create"],"before":null,"after_unknown":true,"before_sensitive":false,"after_sensitive":false},"arns2":{"actions":["create"],"before":null,"after_unknown":true,"before_sensitive":false,"after_sensitive":false},"arns3":{"actions":["create"],"before":null,"after_unknown":true,"before_sensitive":false,"after_sensitive":false},"arns_all":{"actions":["create"],"before":null,"after":[null,null,null],"after_unknown":[true,true,true],"before_sensitive":false,"after_sensitive":false}},"configuration":{"provider_config":{"aws":{"name":"aws","full_name":"registry.terraform.io/hashicorp/aws","version_constraint":"4.46.0","expressions":{"region":{"constant_value":"us-east-1"}}}},"root_module":{"outputs":{"arns1":{"expression":{"references":["aws_iam_user.lb[0].arn","aws_iam_user.lb[0]","aws_iam_user.lb"]}},"arns2":{"expression":{"references":["aws_iam_user.lb[1].arn","aws_iam_user.lb[1]","aws_iam_user.lb"]}},"arns3":{"expression":{"references":["aws_iam_user.lb[2].arn","aws_iam_user.lb[2]","aws_iam_user.lb"]}},"arns_all":{"expression":{"references":["aws_iam_user.lb"]}}},"resources":[{"address":"aws_iam_user.lb","mode":"managed","type":"aws_iam_user","name":"lb","provider_config_key":"aws","expressions":{"name":{"references":["count.index"]},"path":{"constant_value":"/system/"}},"schema_version":0,"count_expression":{"constant_value":3}}]}},"relevant_attributes":[{"resource":"aws_iam_user.lb[1]","attribute":["arn"]},{"resource":"aws_iam_user.lb[0]","attribute":["arn"]},{"resource":"aws_iam_user.lb","attribute":[]},{"resource":"aws_iam_user.lb[2]","attribute":["arn"]}]}
